
Microsoft Visual Studio Solution File, Format Version 12.00
# Visual Studio Version 16
VisualStudioVersion = 16.0.30804.86
MinimumVisualStudioVersion = 10.0.40219.1
Project("{9A19103F-16F7-4668-BE54-9A1E7A4F7556}") = "WindowsFormsAppzx", "WindowsFormsAppzx\WindowsFormsAppzx.csproj", "{242E68D0-BFB9-42BA-8895-BB976EC3ADF2}"
EndProject
Global
	GlobalSection(SolutionConfigurationPlatforms) = preSolution
		Debug|Any CPU = Debug|Any CPU
		Debug|x64 = Debug|x64
		Release|Any CPU = Release|Any CPU
		Release|x64 = Release|x64
	EndGlobalSection
	GlobalSection(ProjectConfigurationPlatforms) = postSolution
		{242E68D0-BFB9-42BA-8895-BB976EC3ADF2}.Debug|Any CPU.ActiveCfg = Debug|Any CPU
		{242E68D0-BFB9-42BA-8895-BB976EC3ADF2}.Debug|Any CPU.Build.0 = Debug|Any CPU
		{242E68D0-BFB9-42BA-8895-BB976EC3ADF2}.Debug|x64.ActiveCfg = Debug|x64
		{242E68D0-BFB9-42BA-8895-BB976EC3ADF2}.Debug|x64.Build.0 = Debug|x64
		{242E68D0-BFB9-42BA-8895-BB976EC3ADF2}.Release|Any CPU.ActiveCfg = Release|Any CPU
		{242E68D0-BFB9-42BA-8895-BB976EC3ADF2}.Release|Any CPU.Build.0 = Release|Any CPU
		{242E68D0-BFB9-42BA-8895-BB976EC3ADF2}.Release|x64.ActiveCfg = Release|x64
		{242E68D0-BFB9-42BA-8895-BB976EC3ADF2}.Release|x64.Build.0 = Release|x64
	EndGlobalSection
	GlobalSection(SolutionProperties) = preSolution
		HideSolutionNode = FALSE
	EndGlobalSection
	GlobalSection(ExtensibilityGlobals) = postSolution
		SolutionGuid = {3F9B5E4C-B84C-40F2-A802-0E57451FC2D4}
	EndGlobalSection
EndGlobal
